github.com/Azure/go-ansiterm v0.0.0-20160622173216-fa152c58bc15/go.mod h1:LmzpDX56iTiv29bbRTIsUNlaFfuhWRQBWjQdVyAevI8=
github.com/Microsoft/go-winio v0.3.8/go.mod h1:VhR8bwka0BXejwEJY73c50VrPtXAaKcyvVC4A4RozmA=
github.com/Sirupsen/logrus v0.7.4-0.20150423025312-26709e271410 h1:d/ZtqrtZPDRwhgOKHK6jan4q514iD9nFchjkXNjh6k0=
github.com/Sirupsen/logrus v0.7.4-0.20150423025312-26709e271410/go.mod h1:rmk17hk6i8ZSAJkSDa7nOxamrG+SP4P0mm+DAvExv4U=
github.com/docker/docker v1.13.1 h1:IkZjBSIc8hBjLpqeAbeE5mca5mNgeatLHBy3GO78BWo=
github.com/docker/docker v1.13.1/go.mod h1:eEKB0N0r5NX/I1kEveEz05bcu8tLC/8azJZsviup8Sk=
github.com/docker/go-connections v0.2.2-0.20170222211245-1b14b2d192e2 h1:98XP4N+omvnz7dt14iIWQOJ6mc/m36NWwGVy97Yywy8=
github.com/docker/go-connections v0.2.2-0.20170222211245-1b14b2d192e2/go.mod h1:Gbd7IOopHjR8Iph03tsViu4nIes5XhDvyHbTtUxmeec=
github.com/docker/go-units v0.3.2 h1:Kjm80apys7gTtfVmCvVY8gwu10uofaFSrmAKOVrtueE=
github.com/docker/go-units v0.3.2/go.mod h1:fgPhTUdO+D/Jk86RDLlptpiXQzgHJF7gydDDbaIK4Dk=
github.com/fsouza/go-dockerclient v0.0.0-20170221195320-54fbd1ff920c h1:qT/2NZY/yh26EAGoDbkBY8QORa1mjaVGrGWhKcjgLxw=
github.com/fsouza/go-dockerclient v0.0.0-20170221195320-54fbd1ff920c/go.mod h1:KpcjM623fQYE9MZiTGzKhjfxXAV9wbyX2C1cyRHfhl0=
github.com/hashicorp/go-cleanhttp v0.0.0-20170211013415-3573b8b52aa7 h1:67fHcS+inUoiIqWCKIqeDuq2AlPHNHPiTqp97LdQ+bc=
github.com/hashicorp/go-cleanhttp v0.0.0-20170211013415-3573b8b52aa7/go.mod h1:JpRdi6/HCYpAwUzNwuwqhbovhLtngrth3wmdIIUrZ80=
github.com/opencontainers/runc v1.0.0-rc2.0.20170224190521-899b0748f075 h1:ldK7dFQ8/lnmZZ0qgBTEQb+iSfCEMGeENNGqApNwKsI=
github.com/opencontainers/runc v1.0.0-rc2.0.20170224190521-899b0748f075/go.mod h1:qT5XzbpPznkRYVz/mWwUaVBUv2rmF59PVA73FjuZG0U=
github.com/spf13/pflag v0.0.0-20170130214245-9ff6c6923cff h1:VARhShG49tiji6mdRNp7JTNDtJ0FhuprF93GBQ37xGU=
github.com/spf13/pflag v0.0.0-20170130214245-9ff6c6923cff/go.mod h1:DYY7MBk1bdzusC3SYhjObp+wFpr4gzcvqqNjLnInEg4=
golang.org/x/net v0.0.0-20170224200717-10c134ea0df1 h1:65sJBFLxq91yL9ATvtv/ShzUYhbDfr5A25hDkQg9lMw=
golang.org/x/net v0.0.0-20170224200717-10c134ea0df1/go.mod h1:mL1N/T3taQHkDXs73rZJwtUhF3w3ftmwwsq0BUmARs4=
golang.org/x/sys v0.0.0-20170223225100-e4594059fe4c/go.mod h1:STP8DvDyc/dI5b8T5hshtkjS+E42TnysNCUPdjciGhY=
